<Solution>
  <Folder Name="/src/">
    <Project Path="src/DirectoryService.Application/DirectoryService.Application.csproj" />
    <Project Path="src/DirectoryService.Contracts/DirectoryService.Contracts.csproj" />
    <Project Path="src/DirectoryService.Domain/DirectoryService.Domain.csproj" />
    <Project Path="src/DirectoryService.Infrastructure/DirectoryService.Infrastructure.csproj" />
    <Project Path="src/DirectoryService.WebAPI/DirectoryService.WebAPI.csproj" />
  </Folder>
</Solution>
