
Microsoft Visual Studio Solution File, Format Version 12.00
Project("{FAE04EC0-301F-11D3-BF4B-00C04F79EFBC}") = "DirectoryService.Domain", "src\DirectoryService.Domain\DirectoryService.Domain.csproj", "{5BC3BF61-45B5-44DD-9795-2423A215CB75}"
EndProject
Project("{2150E333-8FDC-42A3-9474-1A3956D46DE8}") = "src", "src", "{827E0CD3-B72D-47B6-A68D-7590B98EB39B}"
EndProject
Project("{FAE04EC0-301F-11D3-BF4B-00C04F79EFBC}") = "DirectoryService.Application", "src\DirectoryService.Application\DirectoryService.Application.csproj", "{B64EF329-D66E-4898-ABB6-518254F3ACF7}"
EndProject
Project("{FAE04EC0-301F-11D3-BF4B-00C04F79EFBC}") = "DirectoryService.Contracts", "src\DirectoryService.Contracts\DirectoryService.Contracts.csproj", "{39BE1C61-5C8D-4AA6-83C0-6E71FF2CDA4F}"
EndProject
Project("{FAE04EC0-301F-11D3-BF4B-00C04F79EFBC}") = "DirectoryService.WebAPI", "src\DirectoryService.WebAPI\DirectoryService.WebAPI.csproj", "{7DC4E144-10CB-4851-9FC6-E5D3AEC1C540}"
EndProject
Project("{FAE04EC0-301F-11D3-BF4B-00C04F79EFBC}") = "DirectoryService.Infrastructure.Postgres", "DirectoryService.Infrastructure.Postgres\DirectoryService.Infrastructure.Postgres.csproj", "{B20C7DD0-8AEC-4817-95E8-E45DCB2A0788}"
EndProject
Global
	GlobalSection(SolutionConfigurationPlatforms) = preSolution
		Debug|Any CPU = Debug|Any CPU
		Debug|x64 = Debug|x64
		Debug|x86 = Debug|x86
		Release|Any CPU = Release|Any CPU
		Release|x64 = Release|x64
		Release|x86 = Release|x86
	EndGlobalSection
	GlobalSection(ProjectConfigurationPlatforms) = postSolution
		{5BC3BF61-45B5-44DD-9795-2423A215CB75}.Debug|Any CPU.ActiveCfg = Debug|Any CPU
		{5BC3BF61-45B5-44DD-9795-2423A215CB75}.Debug|Any CPU.Build.0 = Debug|Any CPU
		{5BC3BF61-45B5-44DD-9795-2423A215CB75}.Debug|x64.ActiveCfg = Debug|Any CPU
		{5BC3BF61-45B5-44DD-9795-2423A215CB75}.Debug|x64.Build.0 = Debug|Any CPU
		{5BC3BF61-45B5-44DD-9795-2423A215CB75}.Debug|x86.ActiveCfg = Debug|Any CPU
		{5BC3BF61-45B5-44DD-9795-2423A215CB75}.Debug|x86.Build.0 = Debug|Any CPU
		{5BC3BF61-45B5-44DD-9795-2423A215CB75}.Release|Any CPU.ActiveCfg = Release|Any CPU
		{5BC3BF61-45B5-44DD-9795-2423A215CB75}.Release|Any CPU.Build.0 = Release|Any CPU
		{5BC3BF61-45B5-44DD-9795-2423A215CB75}.Release|x64.ActiveCfg = Release|Any CPU
		{5BC3BF61-45B5-44DD-9795-2423A215CB75}.Release|x64.Build.0 = Release|Any CPU
		{5BC3BF61-45B5-44DD-9795-2423A215CB75}.Release|x86.ActiveCfg = Release|Any CPU
		{5BC3BF61-45B5-44DD-9795-2423A215CB75}.Release|x86.Build.0 = Release|Any CPU
		{B64EF329-D66E-4898-ABB6-518254F3ACF7}.Debug|Any CPU.ActiveCfg = Debug|Any CPU
		{B64EF329-D66E-4898-ABB6-518254F3ACF7}.Debug|Any CPU.Build.0 = Debug|Any CPU
		{B64EF329-D66E-4898-ABB6-518254F3ACF7}.Debug|x64.ActiveCfg = Debug|Any CPU
		{B64EF329-D66E-4898-ABB6-518254F3ACF7}.Debug|x64.Build.0 = Debug|Any CPU
		{B64EF329-D66E-4898-ABB6-518254F3ACF7}.Debug|x86.ActiveCfg = Debug|Any CPU
		{B64EF329-D66E-4898-ABB6-518254F3ACF7}.Debug|x86.Build.0 = Debug|Any CPU
		{B64EF329-D66E-4898-ABB6-518254F3ACF7}.Release|Any CPU.ActiveCfg = Release|Any CPU
		{B64EF329-D66E-4898-ABB6-518254F3ACF7}.Release|Any CPU.Build.0 = Release|Any CPU
		{B64EF329-D66E-4898-ABB6-518254F3ACF7}.Release|x64.ActiveCfg = Release|Any CPU
		{B64EF329-D66E-4898-ABB6-518254F3ACF7}.Release|x64.Build.0 = Release|Any CPU
		{B64EF329-D66E-4898-ABB6-518254F3ACF7}.Release|x86.ActiveCfg = Release|Any CPU
		{B64EF329-D66E-4898-ABB6-518254F3ACF7}.Release|x86.Build.0 = Release|Any CPU
		{39BE1C61-5C8D-4AA6-83C0-6E71FF2CDA4F}.Debug|Any CPU.ActiveCfg = Debug|Any CPU
		{39BE1C61-5C8D-4AA6-83C0-6E71FF2CDA4F}.Debug|Any CPU.Build.0 = Debug|Any CPU
		{39BE1C61-5C8D-4AA6-83C0-6E71FF2CDA4F}.Debug|x64.ActiveCfg = Debug|Any CPU
		{39BE1C61-5C8D-4AA6-83C0-6E71FF2CDA4F}.Debug|x64.Build.0 = Debug|Any CPU
		{39BE1C61-5C8D-4AA6-83C0-6E71FF2CDA4F}.Debug|x86.ActiveCfg = Debug|Any CPU
		{39BE1C61-5C8D-4AA6-83C0-6E71FF2CDA4F}.Debug|x86.Build.0 = Debug|Any CPU
		{39BE1C61-5C8D-4AA6-83C0-6E71FF2CDA4F}.Release|Any CPU.ActiveCfg = Release|Any CPU
		{39BE1C61-5C8D-4AA6-83C0-6E71FF2CDA4F}.Release|Any CPU.Build.0 = Release|Any CPU
		{39BE1C61-5C8D-4AA6-83C0-6E71FF2CDA4F}.Release|x64.ActiveCfg = Release|Any CPU
		{39BE1C61-5C8D-4AA6-83C0-6E71FF2CDA4F}.Release|x64.Build.0 = Release|Any CPU
		{39BE1C61-5C8D-4AA6-83C0-6E71FF2CDA4F}.Release|x86.ActiveCfg = Release|Any CPU
		{39BE1C61-5C8D-4AA6-83C0-6E71FF2CDA4F}.Release|x86.Build.0 = Release|Any CPU
		{7DC4E144-10CB-4851-9FC6-E5D3AEC1C540}.Debug|Any CPU.ActiveCfg = Debug|Any CPU
		{7DC4E144-10CB-4851-9FC6-E5D3AEC1C540}.Debug|Any CPU.Build.0 = Debug|Any CPU
		{7DC4E144-10CB-4851-9FC6-E5D3AEC1C540}.Debug|x64.ActiveCfg = Debug|Any CPU
		{7DC4E144-10CB-4851-9FC6-E5D3AEC1C540}.Debug|x64.Build.0 = Debug|Any CPU
		{7DC4E144-10CB-4851-9FC6-E5D3AEC1C540}.Debug|x86.ActiveCfg = Debug|Any CPU
		{7DC4E144-10CB-4851-9FC6-E5D3AEC1C540}.Debug|x86.Build.0 = Debug|Any CPU
		{7DC4E144-10CB-4851-9FC6-E5D3AEC1C540}.Release|Any CPU.ActiveCfg = Release|Any CPU
		{7DC4E144-10CB-4851-9FC6-E5D3AEC1C540}.Release|Any CPU.Build.0 = Release|Any CPU
		{7DC4E144-10CB-4851-9FC6-E5D3AEC1C540}.Release|x64.ActiveCfg = Release|Any CPU
		{7DC4E144-10CB-4851-9FC6-E5D3AEC1C540}.Release|x64.Build.0 = Release|Any CPU
		{7DC4E144-10CB-4851-9FC6-E5D3AEC1C540}.Release|x86.ActiveCfg = Release|Any CPU
		{7DC4E144-10CB-4851-9FC6-E5D3AEC1C540}.Release|x86.Build.0 = Release|Any CPU
		{B20C7DD0-8AEC-4817-95E8-E45DCB2A0788}.Debug|Any CPU.ActiveCfg = Debug|Any CPU
		{B20C7DD0-8AEC-4817-95E8-E45DCB2A0788}.Debug|Any CPU.Build.0 = Debug|Any CPU
		{B20C7DD0-8AEC-4817-95E8-E45DCB2A0788}.Debug|x64.ActiveCfg = Debug|Any CPU
		{B20C7DD0-8AEC-4817-95E8-E45DCB2A0788}.Debug|x64.Build.0 = Debug|Any CPU
		{B20C7DD0-8AEC-4817-95E8-E45DCB2A0788}.Debug|x86.ActiveCfg = Debug|Any CPU
		{B20C7DD0-8AEC-4817-95E8-E45DCB2A0788}.Debug|x86.Build.0 = Debug|Any CPU
		{B20C7DD0-8AEC-4817-95E8-E45DCB2A0788}.Release|Any CPU.ActiveCfg = Release|Any CPU
		{B20C7DD0-8AEC-4817-95E8-E45DCB2A0788}.Release|Any CPU.Build.0 = Release|Any CPU
		{B20C7DD0-8AEC-4817-95E8-E45DCB2A0788}.Release|x64.ActiveCfg = Release|Any CPU
		{B20C7DD0-8AEC-4817-95E8-E45DCB2A0788}.Release|x64.Build.0 = Release|Any CPU
		{B20C7DD0-8AEC-4817-95E8-E45DCB2A0788}.Release|x86.ActiveCfg = Release|Any CPU
		{B20C7DD0-8AEC-4817-95E8-E45DCB2A0788}.Release|x86.Build.0 = Release|Any CPU
	EndGlobalSection
	GlobalSection(SolutionProperties) = preSolution
		HideSolutionNode = FALSE
	EndGlobalSection
	GlobalSection(NestedProjects) = preSolution
		{B64EF329-D66E-4898-ABB6-518254F3ACF7} = {827E0CD3-B72D-47B6-A68D-7590B98EB39B}
		{39BE1C61-5C8D-4AA6-83C0-6E71FF2CDA4F} = {827E0CD3-B72D-47B6-A68D-7590B98EB39B}
		{7DC4E144-10CB-4851-9FC6-E5D3AEC1C540} = {827E0CD3-B72D-47B6-A68D-7590B98EB39B}
	EndGlobalSection
EndGlobal
